
Microsoft Visual Studio Solution File, Format Version 12.00
# Visual Studio 15
VisualStudioVersion = 15.0.28010.0
MinimumVisualStudioVersion = 10.0.40219.1
Project("{9A19103F-16F7-4668-BE54-9A1E7A4F7556}") = "CoffeeShop.WebApi", "CoffeeShop.WebApi\CoffeeShop.WebApi.csproj", "{8673D926-FE83-4E6F-B3DF-CB365767C61B}"
EndProject
Project("{9A19103F-16F7-4668-BE54-9A1E7A4F7556}") = "CoffeeShop.DataAccess", "CoffeeShop.DataAccess\CoffeeShop.DataAccess.csproj", "{F48A81FC-DC16-403C-B605-EE3A5E880DF4}"
EndProject
Project("{9A19103F-16F7-4668-BE54-9A1E7A4F7556}") = "CoffeeShop.BusinessEntity", "CoffeeShop.BusinessEntity\CoffeeShop.BusinessEntity.csproj", "{3A1C2F24-C522-48D8-A6C4-E9BE4D16669F}"
EndProject
Project("{FAE04EC0-301F-11D3-BF4B-00C04F79EFBC}") = "CoffeeShop.BusinessLogic", "CoffeeShop.BusinessLogic\CoffeeShop.BusinessLogic.csproj", "{02258C7D-35B8-479F-9107-91AB8AF77C18}"
EndProject
Global
	GlobalSection(SolutionConfigurationPlatforms) = preSolution
		Debug|Any CPU = Debug|Any CPU
		Release|Any CPU = Release|Any CPU
	EndGlobalSection
	GlobalSection(ProjectConfigurationPlatforms) = postSolution
		{8673D926-FE83-4E6F-B3DF-CB365767C61B}.Debug|Any CPU.ActiveCfg = Debug|Any CPU
		{8673D926-FE83-4E6F-B3DF-CB365767C61B}.Debug|Any CPU.Build.0 = Debug|Any CPU
		{8673D926-FE83-4E6F-B3DF-CB365767C61B}.Release|Any CPU.ActiveCfg = Release|Any CPU
		{8673D926-FE83-4E6F-B3DF-CB365767C61B}.Release|Any CPU.Build.0 = Release|Any CPU
		{F48A81FC-DC16-403C-B605-EE3A5E880DF4}.Debug|Any CPU.ActiveCfg = Debug|Any CPU
		{F48A81FC-DC16-403C-B605-EE3A5E880DF4}.Debug|Any CPU.Build.0 = Debug|Any CPU
		{F48A81FC-DC16-403C-B605-EE3A5E880DF4}.Release|Any CPU.ActiveCfg = Release|Any CPU
		{F48A81FC-DC16-403C-B605-EE3A5E880DF4}.Release|Any CPU.Build.0 = Release|Any CPU
		{3A1C2F24-C522-48D8-A6C4-E9BE4D16669F}.Debug|Any CPU.ActiveCfg = Debug|Any CPU
		{3A1C2F24-C522-48D8-A6C4-E9BE4D16669F}.Debug|Any CPU.Build.0 = Debug|Any CPU
		{3A1C2F24-C522-48D8-A6C4-E9BE4D16669F}.Release|Any CPU.ActiveCfg = Release|Any CPU
		{3A1C2F24-C522-48D8-A6C4-E9BE4D16669F}.Release|Any CPU.Build.0 = Release|Any CPU
		{02258C7D-35B8-479F-9107-91AB8AF77C18}.Debug|Any CPU.ActiveCfg = Debug|Any CPU
		{02258C7D-35B8-479F-9107-91AB8AF77C18}.Debug|Any CPU.Build.0 = Debug|Any CPU
		{02258C7D-35B8-479F-9107-91AB8AF77C18}.Release|Any CPU.ActiveCfg = Release|Any CPU
		{02258C7D-35B8-479F-9107-91AB8AF77C18}.Release|Any CPU.Build.0 = Release|Any CPU
	EndGlobalSection
	GlobalSection(SolutionProperties) = preSolution
		HideSolutionNode = FALSE
	EndGlobalSection
	GlobalSection(ExtensibilityGlobals) = postSolution
		SolutionGuid = {4CE4926F-9772-4B89-801A-07A932BF1DF6}
	EndGlobalSection
EndGlobal
